
Microsoft Visual Studio Solution File, Format Version 12.00
# Visual Studio Version 17
VisualStudioVersion = 17.1.32421.90
MinimumVisualStudioVersion = 10.0.40219.1
Project("{9A19103F-16F7-4668-BE54-9A1E7A4F7556}") = "Api_A", "Api_A\Api_A.csproj", "{C4D8874B-0B63-4F30-B841-74A823FF544A}"
EndProject
Project("{9A19103F-16F7-4668-BE54-9A1E7A4F7556}") = "Api_B", "Api_B\Api_B.csproj", "{8B7CBB2B-EA73-4968-B668-10ACEB3C4FD1}"
EndProject
Project("{9A19103F-16F7-4668-BE54-9A1E7A4F7556}") = "ApiGateway", "ApiGateway\ApiGateway.csproj", "{786875C3-F85B-4DF0-A40F-E80A89A5B927}"
EndProject
Project("{9A19103F-16F7-4668-BE54-9A1E7A4F7556}") = "Api_Auth", "Api_Auth\Api_Auth.csproj", "{5FBA3308-4270-4DC1-903E-C4527ADB0102}"
EndProject
Project("{9A19103F-16F7-4668-BE54-9A1E7A4F7556}") = "Entity", "Entity\Entity.csproj", "{D67B4953-6AA3-497F-AF1B-B9530ED2E04C}"
EndProject
Project("{FAE04EC0-301F-11D3-BF4B-00C04F79EFBC}") = "Hys.Framework", "Hys.Framework\Hys.Framework.csproj", "{196D626A-9E30-436C-8625-70D20D70D39B}"
EndProject
Global
	GlobalSection(SolutionConfigurationPlatforms) = preSolution
		Debug|Any CPU = Debug|Any CPU
		Release|Any CPU = Release|Any CPU
	EndGlobalSection
	GlobalSection(ProjectConfigurationPlatforms) = postSolution
		{C4D8874B-0B63-4F30-B841-74A823FF544A}.Debug|Any CPU.ActiveCfg = Debug|Any CPU
		{C4D8874B-0B63-4F30-B841-74A823FF544A}.Debug|Any CPU.Build.0 = Debug|Any CPU
		{C4D8874B-0B63-4F30-B841-74A823FF544A}.Release|Any CPU.ActiveCfg = Release|Any CPU
		{C4D8874B-0B63-4F30-B841-74A823FF544A}.Release|Any CPU.Build.0 = Release|Any CPU
		{8B7CBB2B-EA73-4968-B668-10ACEB3C4FD1}.Debug|Any CPU.ActiveCfg = Debug|Any CPU
		{8B7CBB2B-EA73-4968-B668-10ACEB3C4FD1}.Debug|Any CPU.Build.0 = Debug|Any CPU
		{8B7CBB2B-EA73-4968-B668-10ACEB3C4FD1}.Release|Any CPU.ActiveCfg = Release|Any CPU
		{8B7CBB2B-EA73-4968-B668-10ACEB3C4FD1}.Release|Any CPU.Build.0 = Release|Any CPU
		{786875C3-F85B-4DF0-A40F-E80A89A5B927}.Debug|Any CPU.ActiveCfg = Debug|Any CPU
		{786875C3-F85B-4DF0-A40F-E80A89A5B927}.Debug|Any CPU.Build.0 = Debug|Any CPU
		{786875C3-F85B-4DF0-A40F-E80A89A5B927}.Release|Any CPU.ActiveCfg = Release|Any CPU
		{786875C3-F85B-4DF0-A40F-E80A89A5B927}.Release|Any CPU.Build.0 = Release|Any CPU
		{5FBA3308-4270-4DC1-903E-C4527ADB0102}.Debug|Any CPU.ActiveCfg = Debug|Any CPU
		{5FBA3308-4270-4DC1-903E-C4527ADB0102}.Debug|Any CPU.Build.0 = Debug|Any CPU
		{5FBA3308-4270-4DC1-903E-C4527ADB0102}.Release|Any CPU.ActiveCfg = Release|Any CPU
		{5FBA3308-4270-4DC1-903E-C4527ADB0102}.Release|Any CPU.Build.0 = Release|Any CPU
		{D67B4953-6AA3-497F-AF1B-B9530ED2E04C}.Debug|Any CPU.ActiveCfg = Debug|Any CPU
		{D67B4953-6AA3-497F-AF1B-B9530ED2E04C}.Debug|Any CPU.Build.0 = Debug|Any CPU
		{D67B4953-6AA3-497F-AF1B-B9530ED2E04C}.Release|Any CPU.ActiveCfg = Release|Any CPU
		{D67B4953-6AA3-497F-AF1B-B9530ED2E04C}.Release|Any CPU.Build.0 = Release|Any CPU
		{196D626A-9E30-436C-8625-70D20D70D39B}.Debug|Any CPU.ActiveCfg = Debug|Any CPU
		{196D626A-9E30-436C-8625-70D20D70D39B}.Debug|Any CPU.Build.0 = Debug|Any CPU
		{196D626A-9E30-436C-8625-70D20D70D39B}.Release|Any CPU.ActiveCfg = Release|Any CPU
		{196D626A-9E30-436C-8625-70D20D70D39B}.Release|Any CPU.Build.0 = Release|Any CPU
	EndGlobalSection
	GlobalSection(SolutionProperties) = preSolution
		HideSolutionNode = FALSE
	EndGlobalSection
	GlobalSection(ExtensibilityGlobals) = postSolution
		SolutionGuid = {2356A5D1-EC1E-4AB9-9104-BAAE7170C9CE}
	EndGlobalSection
EndGlobal
